PODS:
  - audio_session (0.0.1):
    - FlutterMacOS
  - FlutterMacOS (1.0.0)
  - objective_c (0.0.1):
    - FlutterMacOS
  - path_provider_foundation (0.0.1):
    - Flutter
    - FlutterMacOS
  - printing (1.0.0):
    - FlutterMacOS
  - record_darwin (1.0.0):
    - FlutterMacOS
  - shared_preferences_foundation (0.0.1):
    - Flutter
    - FlutterMacOS

DEPENDENCIES:
  - audio_session (from `Flutter/ephemeral/.symlinks/plugins/audio_session/macos`)
  - FlutterMacOS (from `Flutter/ephemeral`)
  - objective_c (from `Flutter/ephemeral/.symlinks/plugins/objective_c/macos`)
  - path_provider_foundation (from `Flutter/ephemeral/.symlinks/plugins/path_provider_foundation/darwin`)
  - printing (from `Flutter/ephemeral/.symlinks/plugins/printing/macos`)
  - record_darwin (from `Flutter/ephemeral/.symlinks/plugins/record_darwin/macos`)
  - shared_preferences_foundation (from `Flutter/ephemeral/.symlinks/plugins/shared_preferences_foundation/darwin`)

EXTERNAL SOURCES:
  audio_session:
    :path: Flutter/ephemeral/.symlinks/plugins/audio_session/macos
  FlutterMacOS:
    :path: Flutter/ephemeral
  objective_c:
    :path: Flutter/ephemeral/.symlinks/plugins/objective_c/macos
  path_provider_foundation:
    :path: Flutter/ephemeral/.symlinks/plugins/path_provider_foundation/darwin
  printing:
    :path: Flutter/ephemeral/.symlinks/plugins/printing/macos
  record_darwin:
    :path: Flutter/ephemeral/.symlinks/plugins/record_darwin/macos
  shared_preferences_foundation:
    :path: Flutter/ephemeral/.symlinks/plugins/shared_preferences_foundation/darwin

SPEC CHECKSUMS:
  audio_session: eaca2512cf2b39212d724f35d11f46180ad3a33e
  FlutterMacOS: d0db08ddef1a9af05a5ec4b724367152bb0500b1
  objective_c: 2f927c775f7ad0d1ee8f78b4b0a5ddf03b2548d7
  path_provider_foundation: bb55f6dbba17d0dccd6737fe6f7f34fbd0376880
  printing: c4cf83c78fd684f9bc318e6aadc18972aa48f617
  record_darwin: 30509266ae213af8afdb09a8ae7467cb64c1377e
  shared_preferences_foundation: 7036424c3d8ec98dfe75ff1667cb0cd531ec82bb

PODFILE CHECKSUM: 54d867c82ac51cbd61b565781b9fada492027009

COCOAPODS: 1.16.2
